github.com/lib/pq v1.10.7 h1:p7ZhMD+KsSRozJr34udlUrhboJwWAgCg34+/ZZNvZZw=
github.com/lib/pq v1.10.7/go.mod h1:AlVN5x4E4T544tWzH6hKfbfQvm3HdbOxrmggDNAPY9o=
golang.org/x/sync v0.3.0 h1:ftCYgMx6zT/asHUrPw8BLLscYtGznsLAnjq5RH9P66E=
golang.org/x/sync v0.3.0/go.mod h1:FU7BRWz2tNW+3quACPkgCx/L+uEAv1htQ0V83Z9Rj+Y=
software.sslmate.com/src/certspotter v0.16.0 h1:l4bGY1r/GZtexxyB9H5k49fdIVjTUTv57brlyvmp2tw=
software.sslmate.com/src/certspotter v0.16.0/go.mod h1:UBTYJFx0U925uIxHTpGIufF1m3k5dbRqm2UVvFPKTCU=
src.agwa.name/go-dbutil v0.4.1 h1:UjtJ3Jo60/o/Jekd/ClOrAAvDW7ZEUq4MhFjEHE69Jc=
src.agwa.name/go-dbutil v0.4.1/go.mod h1:KhIlHhNAY+Jux9M70Pd+Nf8GI6NfXifGYhitSvfBtBs=
src.agwa.name/go-listener v0.5.0 h1:UjXAdtPKO1o1T/6B25TlpJaG/EJao+UvUEpRZuGy8iA=
src.agwa.name/go-listener v0.5.0/go.mod h1:vM7zjlskRnSbxbS8QTWYQIOfuKsn8SdJQH28RtouDTI=
