github.com/lib/pq v1.10.9 h1:YXG7RB+JIjhP29X+OtkiDnYaXQwpS4JEWq7dtCCRUEw=
github.com/lib/pq v1.10.9/go.mod h1:AlVN5x4E4T544tWzH6hKfbfQvm3HdbOxrmggDNAPY9o=
golang.org/x/crypto v0.39.0 h1:SHs+kF4LP+f+p14esP5jAoDpHU8Gu/v9lFRK6IT5imM=
golang.org/x/crypto v0.39.0/go.mod h1:L+Xg3Wf6HoL4Bn4238Z6ft6KfEpN0tJGo53AAPC632U=
golang.org/x/net v0.41.0 h1:vBTly1HeNPEn3wtREYfy4GZ/NECgw2Cnl+nK6Nz3uvw=
golang.org/x/net v0.41.0/go.mod h1:B/K4NNqkfmg07DQYrbwvSluqCJOOXwUjeb/5lOisjbA=
golang.org/x/sync v0.15.0 h1:KWH3jNZsfyT6xfAfKiz6MRNmd46ByHDYaZ7KSkCtdW8=
golang.org/x/sync v0.15.0/go.mod h1:1dzgHSNfp02xaA81J2MS99Qcpr2w7fw1gpm99rleRqA=
golang.org/x/text v0.26.0 h1:P42AVeLghgTYr4+xUnTRKDMqpar+PtX7KWuNQL21L8M=
golang.org/x/text v0.26.0/go.mod h1:QK15LZJUUQVJxhz7wXgxSy/CJaTFjd0G+YLonydOVQA=
software.sslmate.com/src/certspotter v0.20.1 h1:MWxQKJYHcUAVOhHqFV5qDJLQd6GqMWnTmkXGvXPOMZ4=
software.sslmate.com/src/certspotter v0.20.1/go.mod h1:ceDtMfetU6KF2i8EGFov7hwylzx1/R2HZdJZcLF5F+E=
src.agwa.name/go-dbutil v0.8.0 h1:CXQMJq8R8uWQa7n1nFcFcNCp84gyBs4wcDZ7SJrVt2w=
src.agwa.name/go-dbutil v0.8.0/go.mod h1:iOR0cJz/xOpAetjaSUCCnG/HUe4HJN9WAXMg+7aW844=
src.agwa.name/go-listener v0.6.1 h1:L4A6jFsaI+Nevt/XpJTTxYvbo95qLzuavfXe1A3oB4A=
src.agwa.name/go-listener v0.6.1/go.mod h1:vM7zjlskRnSbxbS8QTWYQIOfuKsn8SdJQH28RtouDTI=
